
Microsoft Visual Studio Solution File, Format Version 12.00
# Visual Studio Version 17
VisualStudioVersion = 17.5.002.0
MinimumVisualStudioVersion = 10.0.40219.1
Project("{9A19103F-16F7-4668-BE54-9A1E7A4F7556}") = "01", "01.csproj", "{887C7DDE-191B-4366-889A-C0E00A92A340}"
EndProject
Global
	GlobalSection(SolutionConfigurationPlatforms) = preSolution
		Debug|Any CPU = Debug|Any CPU
		Release|Any CPU = Release|Any CPU
	EndGlobalSection
	GlobalSection(ProjectConfigurationPlatforms) = postSolution
		{887C7DDE-191B-4366-889A-C0E00A92A340}.Debug|Any CPU.ActiveCfg = Debug|Any CPU
		{887C7DDE-191B-4366-889A-C0E00A92A340}.Debug|Any CPU.Build.0 = Debug|Any CPU
		{887C7DDE-191B-4366-889A-C0E00A92A340}.Release|Any CPU.ActiveCfg = Release|Any CPU
		{887C7DDE-191B-4366-889A-C0E00A92A340}.Release|Any CPU.Build.0 = Release|Any CPU
	EndGlobalSection
	GlobalSection(SolutionProperties) = preSolution
		HideSolutionNode = FALSE
	EndGlobalSection
	GlobalSection(ExtensibilityGlobals) = postSolution
		SolutionGuid = {DF44E160-CEF9-402F-9B9D-F3F682A300B8}
	EndGlobalSection
EndGlobal
