
Microsoft Visual Studio Solution File, Format Version 12.00
# Visual Studio Version 17
VisualStudioVersion = 17.5.002.0
MinimumVisualStudioVersion = 10.0.40219.1
Project("{9A19103F-16F7-4668-BE54-9A1E7A4F7556}") = "04", "04.csproj", "{D2583E5A-5DEF-4558-B61B-6FD4C671AC6D}"
EndProject
Global
	GlobalSection(SolutionConfigurationPlatforms) = preSolution
		Debug|Any CPU = Debug|Any CPU
		Release|Any CPU = Release|Any CPU
	EndGlobalSection
	GlobalSection(ProjectConfigurationPlatforms) = postSolution
		{D2583E5A-5DEF-4558-B61B-6FD4C671AC6D}.Debug|Any CPU.ActiveCfg = Debug|Any CPU
		{D2583E5A-5DEF-4558-B61B-6FD4C671AC6D}.Debug|Any CPU.Build.0 = Debug|Any CPU
		{D2583E5A-5DEF-4558-B61B-6FD4C671AC6D}.Release|Any CPU.ActiveCfg = Release|Any CPU
		{D2583E5A-5DEF-4558-B61B-6FD4C671AC6D}.Release|Any CPU.Build.0 = Release|Any CPU
	EndGlobalSection
	GlobalSection(SolutionProperties) = preSolution
		HideSolutionNode = FALSE
	EndGlobalSection
	GlobalSection(ExtensibilityGlobals) = postSolution
		SolutionGuid = {1149BB77-0074-4C42-BE99-B011B06F5448}
	EndGlobalSection
EndGlobal
