
Microsoft Visual Studio Solution File, Format Version 12.00
# Visual Studio Version 17
VisualStudioVersion = 17.5.002.0
MinimumVisualStudioVersion = 10.0.40219.1
Project("{9A19103F-16F7-4668-BE54-9A1E7A4F7556}") = "09", "09.csproj", "{C0B8BAA8-A0E9-4460-AC0C-9DC34E092866}"
EndProject
Global
	GlobalSection(SolutionConfigurationPlatforms) = preSolution
		Debug|Any CPU = Debug|Any CPU
		Release|Any CPU = Release|Any CPU
	EndGlobalSection
	GlobalSection(ProjectConfigurationPlatforms) = postSolution
		{C0B8BAA8-A0E9-4460-AC0C-9DC34E092866}.Debug|Any CPU.ActiveCfg = Debug|Any CPU
		{C0B8BAA8-A0E9-4460-AC0C-9DC34E092866}.Debug|Any CPU.Build.0 = Debug|Any CPU
		{C0B8BAA8-A0E9-4460-AC0C-9DC34E092866}.Release|Any CPU.ActiveCfg = Release|Any CPU
		{C0B8BAA8-A0E9-4460-AC0C-9DC34E092866}.Release|Any CPU.Build.0 = Release|Any CPU
	EndGlobalSection
	GlobalSection(SolutionProperties) = preSolution
		HideSolutionNode = FALSE
	EndGlobalSection
	GlobalSection(ExtensibilityGlobals) = postSolution
		SolutionGuid = {A4CC5B4B-B4CF-4E3F-AAA1-33809EE5C530}
	EndGlobalSection
EndGlobal
