
Microsoft Visual Studio Solution File, Format Version 12.00
# Visual Studio Version 17
VisualStudioVersion = 17.5.002.0
MinimumVisualStudioVersion = 10.0.40219.1
Project("{9A19103F-16F7-4668-BE54-9A1E7A4F7556}") = "16", "16.csproj", "{8646F946-4D73-47E0-8036-0D4AB55F2C2B}"
EndProject
Global
	GlobalSection(SolutionConfigurationPlatforms) = preSolution
		Debug|Any CPU = Debug|Any CPU
		Release|Any CPU = Release|Any CPU
	EndGlobalSection
	GlobalSection(ProjectConfigurationPlatforms) = postSolution
		{8646F946-4D73-47E0-8036-0D4AB55F2C2B}.Debug|Any CPU.ActiveCfg = Debug|Any CPU
		{8646F946-4D73-47E0-8036-0D4AB55F2C2B}.Debug|Any CPU.Build.0 = Debug|Any CPU
		{8646F946-4D73-47E0-8036-0D4AB55F2C2B}.Release|Any CPU.ActiveCfg = Release|Any CPU
		{8646F946-4D73-47E0-8036-0D4AB55F2C2B}.Release|Any CPU.Build.0 = Release|Any CPU
	EndGlobalSection
	GlobalSection(SolutionProperties) = preSolution
		HideSolutionNode = FALSE
	EndGlobalSection
	GlobalSection(ExtensibilityGlobals) = postSolution
		SolutionGuid = {A1F3F30E-FF7A-466C-9BBE-81E0BFBFCD79}
	EndGlobalSection
EndGlobal
