
Microsoft Visual Studio Solution File, Format Version 12.00
# Visual Studio Version 17
VisualStudioVersion = 17.5.002.0
MinimumVisualStudioVersion = 10.0.40219.1
Project("{9A19103F-16F7-4668-BE54-9A1E7A4F7556}") = "14", "14.csproj", "{A522C73B-A5C1-4C23-B202-34C46EA7DD01}"
EndProject
Global
	GlobalSection(SolutionConfigurationPlatforms) = preSolution
		Debug|Any CPU = Debug|Any CPU
		Release|Any CPU = Release|Any CPU
	EndGlobalSection
	GlobalSection(ProjectConfigurationPlatforms) = postSolution
		{A522C73B-A5C1-4C23-B202-34C46EA7DD01}.Debug|Any CPU.ActiveCfg = Debug|Any CPU
		{A522C73B-A5C1-4C23-B202-34C46EA7DD01}.Debug|Any CPU.Build.0 = Debug|Any CPU
		{A522C73B-A5C1-4C23-B202-34C46EA7DD01}.Release|Any CPU.ActiveCfg = Release|Any CPU
		{A522C73B-A5C1-4C23-B202-34C46EA7DD01}.Release|Any CPU.Build.0 = Release|Any CPU
	EndGlobalSection
	GlobalSection(SolutionProperties) = preSolution
		HideSolutionNode = FALSE
	EndGlobalSection
	GlobalSection(ExtensibilityGlobals) = postSolution
		SolutionGuid = {341FEC45-186E-44E8-8289-DF1BE13F7A16}
	EndGlobalSection
EndGlobal
